// !$*UTF8*$!
{
	archiveVersion = 1;
	classes = {
	};
	objectVersion = 50;
	objects = {

/* Begin PBXBuildFile section */
		34339D36023473D76FAF18EE /* Pods_TrustWalletCore_TrustWalletCoreTests.framework in Frameworks */ = {isa = PBXBuildFile; fileRef = 7B3B8FA185E5408ACD70CFB5 /* Pods_TrustWalletCore_TrustWalletCoreTests.framework */; };
		467181FB9EFC0E4C01DDB460 /* Pods_TrustWalletCore.framework in Frameworks */ = {isa = PBXBuildFile; fileRef = 36F25C48C7A120965C189BCE /* Pods_TrustWalletCore.framework */; };
		610AEF4521C04DF6008ABB74 /* TWHDWallet.h in Headers */ = {isa = PBXBuildFile; fileRef = 610AEF4421C04DF6008ABB74 /* TWHDWallet.h */; settings = {ATTRIBUTES = (Public, ); }; };
		610AEF4921C04E24008ABB74 /* HDWallet.swift in Sources */ = {isa = PBXBuildFile; fileRef = 610AEF4821C04E24008ABB74 /* HDWallet.swift */; };
		610AEF4D21C1A5C5008ABB74 /* TWBitcoin.h in Headers */ = {isa = PBXBuildFile; fileRef = 610AEF4B21C1A5C5008ABB74 /* TWBitcoin.h */; settings = {ATTRIBUTES = (Public, ); }; };
		610AEF7421C8A934008ABB74 /* TWBitcoinTransactionSigner.h in Headers */ = {isa = PBXBuildFile; fileRef = 610AEF7221C8A934008ABB74 /* TWBitcoinTransactionSigner.h */; settings = {ATTRIBUTES = (Public, ); }; };
		610AEF7621C8A95A008ABB74 /* BitcoinTransactionSigner.swift in Sources */ = {isa = PBXBuildFile; fileRef = 610AEF7521C8A959008ABB74 /* BitcoinTransactionSigner.swift */; };
		61376FAE220C9E4E00573D0F /* TWZcashTAddress.h in Headers */ = {isa = PBXBuildFile; fileRef = 61376FAC220C9E4E00573D0F /* TWZcashTAddress.h */; settings = {ATTRIBUTES = (Public, ); }; };
		61376FB2220CA2CB00573D0F /* libTrezorCrypto.a in Frameworks */ = {isa = PBXBuildFile; fileRef = 61376FAF220CA2CB00573D0F /* libTrezorCrypto.a */; };
		61376FB3220CA2CB00573D0F /* libprotobuf.a in Frameworks */ = {isa = PBXBuildFile; fileRef = 61376FB0220CA2CB00573D0F /* libprotobuf.a */; };
		61376FB4220CA2CB00573D0F /* libTrustWalletCore.a in Frameworks */ = {isa = PBXBuildFile; fileRef = 61376FB1220CA2CB00573D0F /* libTrustWalletCore.a */; };
		61376FB5220CA2CE00573D0F /* libprotobuf.a in Frameworks */ = {isa = PBXBuildFile; fileRef = 61376FB0220CA2CB00573D0F /* libprotobuf.a */; };
		61376FB6220CA2CE00573D0F /* libTrezorCrypto.a in Frameworks */ = {isa = PBXBuildFile; fileRef = 61376FAF220CA2CB00573D0F /* libTrezorCrypto.a */; };
		61376FB7220CA2CE00573D0F /* libTrustWalletCore.a in Frameworks */ = {isa = PBXBuildFile; fileRef = 61376FB1220CA2CB00573D0F /* libTrustWalletCore.a */; };
		616E122C21A78094009798FC /* Hash.swift in Sources */ = {isa = PBXBuildFile; fileRef = 616E122B21A78094009798FC /* Hash.swift */; };
		616E125F21AE14E8009798FC /* TWString.h in Headers */ = {isa = PBXBuildFile; fileRef = 616E125D21AE14E8009798FC /* TWString.h */; settings = {ATTRIBUTES = (Public, ); }; };
		616E126121AE15C4009798FC /* TWBitcoinScript.h in Headers */ = {isa = PBXBuildFile; fileRef = 616E126021AE15C4009798FC /* TWBitcoinScript.h */; settings = {ATTRIBUTES = (Public, ); }; };
		61722C1C220E4DAB00D7BA9A /* Binance.pb.swift in Sources */ = {isa = PBXBuildFile; fileRef = 61722C13220E4DAB00D7BA9A /* Binance.pb.swift */; };
		61722C1D220E4DAB00D7BA9A /* ChainID.swift in Sources */ = {isa = PBXBuildFile; fileRef = 61722C14220E4DAB00D7BA9A /* ChainID.swift */; };
		61722C1E220E4DAB00D7BA9A /* ZcashTAddress.swift in Sources */ = {isa = PBXBuildFile; fileRef = 61722C15220E4DAB00D7BA9A /* ZcashTAddress.swift */; };
		61722C1F220E4DAB00D7BA9A /* Data+Hex.swift in Sources */ = {isa = PBXBuildFile; fileRef = 61722C16220E4DAB00D7BA9A /* Data+Hex.swift */; };
		61722C20220E4DAB00D7BA9A /* Common.pb.swift in Sources */ = {isa = PBXBuildFile; fileRef = 61722C17220E4DAB00D7BA9A /* Common.pb.swift */; };
		61722C21220E4DAB00D7BA9A /* Bitcoin.pb.swift in Sources */ = {isa = PBXBuildFile; fileRef = 61722C18220E4DAB00D7BA9A /* Bitcoin.pb.swift */; };
		61722C22220E4DAB00D7BA9A /* CoinTypeConfiguration.swift in Sources */ = {isa = PBXBuildFile; fileRef = 61722C19220E4DAB00D7BA9A /* CoinTypeConfiguration.swift */; };
		61722C23220E4DAB00D7BA9A /* ZcashTransactionSigner.swift in Sources */ = {isa = PBXBuildFile; fileRef = 61722C1A220E4DAB00D7BA9A /* ZcashTransactionSigner.swift */; };
		61722C24220E4DAB00D7BA9A /* EthereumChainID.swift in Sources */ = {isa = PBXBuildFile; fileRef = 61722C1B220E4DAB00D7BA9A /* EthereumChainID.swift */; };
		61722C29220E4DB900D7BA9A /* TWZcashTransactionSigner.h in Headers */ = {isa = PBXBuildFile; fileRef = 61722C25220E4DB800D7BA9A /* TWZcashTransactionSigner.h */; settings = {ATTRIBUTES = (Public, ); }; };
		61722C2A220E4DB900D7BA9A /* TWBitcoinProto.h in Headers */ = {isa = PBXBuildFile; fileRef = 61722C26220E4DB800D7BA9A /* TWBitcoinProto.h */; settings = {ATTRIBUTES = (Public, ); }; };
		61722C2B220E4DB900D7BA9A /* TWBinanceProto.h in Headers */ = {isa = PBXBuildFile; fileRef = 61722C27220E4DB800D7BA9A /* TWBinanceProto.h */; settings = {ATTRIBUTES = (Public, ); }; };
		61722C2C220E4DB900D7BA9A /* TWCommonProto.h in Headers */ = {isa = PBXBuildFile; fileRef = 61722C28220E4DB900D7BA9A /* TWCommonProto.h */; settings = {ATTRIBUTES = (Public, ); }; };
		61735AD4219DF044007BF637 /* TWData.h in Headers */ = {isa = PBXBuildFile; fileRef = 617358E0219DF043007BF637 /* TWData.h */; settings = {ATTRIBUTES = (Public, ); }; };
		61735AD5219DF044007BF637 /* TWPrivateKey.h in Headers */ = {isa = PBXBuildFile; fileRef = 617358E1219DF043007BF637 /* TWPrivateKey.h */; settings = {ATTRIBUTES = (Public, ); }; };
		61735AD6219DF044007BF637 /* TWBase.h in Headers */ = {isa = PBXBuildFile; fileRef = 617358E2219DF043007BF637 /* TWBase.h */; settings = {ATTRIBUTES = (Public, ); }; };
		61735C83219DF044007BF637 /* TrustWalletCore.h in Headers */ = {isa = PBXBuildFile; fileRef = 61735ACD219DF044007BF637 /* TrustWalletCore.h */; settings = {ATTRIBUTES = (Public, ); }; };
		61735C84219DF044007BF637 /* PrivateKey.swift in Sources */ = {isa = PBXBuildFile; fileRef = 61735AD1219DF044007BF637 /* PrivateKey.swift */; };
		61735C88219DF64D007BF637 /* SecRandom.m in Sources */ = {isa = PBXBuildFile; fileRef = 61735C87219DF64D007BF637 /* SecRandom.m */; };
		61735C90219E1658007BF637 /* UInt256.swift in Sources */ = {isa = PBXBuildFile; fileRef = 61735C8F219E1658007BF637 /* UInt256.swift */; };
		61735C98219E1A81007BF637 /* UInt256Tests.swift in Sources */ = {isa = PBXBuildFile; fileRef = 61735C97219E1A81007BF637 /* UInt256Tests.swift */; };
		61735C9A219E1A81007BF637 /* TrustWalletCore.framework in Frameworks */ = {isa = PBXBuildFile; fileRef = 61CDEB9B219B36C700CDFE83 /* TrustWalletCore.framework */; };
		61735CA3219E311C007BF637 /* TWUInt256.h in Headers */ = {isa = PBXBuildFile; fileRef = 61735CA2219E311C007BF637 /* TWUInt256.h */; settings = {ATTRIBUTES = (Public, ); }; };
		61735CB921A33D47007BF637 /* TWHash.h in Headers */ = {isa = PBXBuildFile; fileRef = 61735CB821A33D47007BF637 /* TWHash.h */; settings = {ATTRIBUTES = (Public, ); }; };
		61735CC721A382C7007BF637 /* TWPublicKey.h in Headers */ = {isa = PBXBuildFile; fileRef = 61735CC521A382C7007BF637 /* TWPublicKey.h */; settings = {ATTRIBUTES = (Public, ); }; };
		61735CD421A3BFB0007BF637 /* PublicKey.swift in Sources */ = {isa = PBXBuildFile; fileRef = 61735CD221A3BF69007BF637 /* PublicKey.swift */; };
		617875612204FF2C00365E91 /* TWCoinTypeConfiguration.h in Headers */ = {isa = PBXBuildFile; fileRef = 617875602204FF2C00365E91 /* TWCoinTypeConfiguration.h */; settings = {ATTRIBUTES = (Public, ); }; };
		61977CC621C9B9D000C385D5 /* TWBitcoinAddress.h in Headers */ = {isa = PBXBuildFile; fileRef = 61977CC421C9B9D000C385D5 /* TWBitcoinAddress.h */; settings = {ATTRIBUTES = (Public, ); }; };
		61977CC721C9B9D000C385D5 /* TWBitcoinCashAddress.h in Headers */ = {isa = PBXBuildFile; fileRef = 61977CC521C9B9D000C385D5 /* TWBitcoinCashAddress.h */; settings = {ATTRIBUTES = (Public, ); }; };
		61977CCE21C9B9EF00C385D5 /* BitcoinCashAddress.swift in Sources */ = {isa = PBXBuildFile; fileRef = 61977CCC21C9B9EE00C385D5 /* BitcoinCashAddress.swift */; };
		61977CCF21C9B9EF00C385D5 /* BitcoinAddress.swift in Sources */ = {isa = PBXBuildFile; fileRef = 61977CCD21C9B9EE00C385D5 /* BitcoinAddress.swift */; };
		6198EA5321AF61F0008CB60A /* BitcoinScript.swift in Sources */ = {isa = PBXBuildFile; fileRef = 6198EA5221AF61EF008CB60A /* BitcoinScript.swift */; };
		6198EA5921B1CC5C008CB60A /* TWFoundationData.m in Sources */ = {isa = PBXBuildFile; fileRef = 6198EA5821B1CC5B008CB60A /* TWFoundationData.m */; };
		6198EA5F21B2021A008CB60A /* TWFoundationData.h in Headers */ = {isa = PBXBuildFile; fileRef = 6198EA5E21B2021A008CB60A /* TWFoundationData.h */; settings = {ATTRIBUTES = (Public, ); }; };
		6198EA6121B21702008CB60A /* TWFoundationString.m in Sources */ = {isa = PBXBuildFile; fileRef = 6198EA6021B21702008CB60A /* TWFoundationString.m */; };
		6198EA6321B21714008CB60A /* TWFoundationString.h in Headers */ = {isa = PBXBuildFile; fileRef = 6198EA6221B21714008CB60A /* TWFoundationString.h */; settings = {ATTRIBUTES = (Public, ); }; };
		6198EA6521B59575008CB60A /* String.swift in Sources */ = {isa = PBXBuildFile; fileRef = 6198EA6421B59575008CB60A /* String.swift */; };
		6198EA7E21B6B9C2008CB60A /* Data.swift in Sources */ = {isa = PBXBuildFile; fileRef = 6198EA7D21B6B9C2008CB60A /* Data.swift */; };
		6198EA8021B6BFC9008CB60A /* DataTests.swift in Sources */ = {isa = PBXBuildFile; fileRef = 6198EA7F21B6BFC9008CB60A /* DataTests.swift */; };
		6198EA8421B811A2008CB60A /* TWBitcoinOpCodes.h in Headers */ = {isa = PBXBuildFile; fileRef = 6198EA8121B811A1008CB60A /* TWBitcoinOpCodes.h */; settings = {ATTRIBUTES = (Public, ); }; };
		6198EA8621B811A2008CB60A /* TWBech32Address.h in Headers */ = {isa = PBXBuildFile; fileRef = 6198EA8321B811A2008CB60A /* TWBech32Address.h */; settings = {ATTRIBUTES = (Public, ); }; };
		6198EA8C21B811CD008CB60A /* Bech32Address.swift in Sources */ = {isa = PBXBuildFile; fileRef = 6198EA8B21B811CD008CB60A /* Bech32Address.swift */; };
		61A8C5C52205013E004DA312 /* Dummy.cpp in Sources */ = {isa = PBXBuildFile; fileRef = 61A8C5C42205013E004DA312 /* Dummy.cpp */; };
		61A8C5CB2205023E004DA312 /* Dummy.cpp in Sources */ = {isa = PBXBuildFile; fileRef = 61A8C5C42205013E004DA312 /* Dummy.cpp */; };
		61A8C5E422052607004DA312 /* (null) in Frameworks */ = {isa = PBXBuildFile; };
		61A8C5E522052607004DA312 /* (null) in Frameworks */ = {isa = PBXBuildFile; };
		61A8C5E622052607004DA312 /* (null) in Frameworks */ = {isa = PBXBuildFile; };
		61A926B421E141AA00543113 /* PrivateKeyTests.swift in Sources */ = {isa = PBXBuildFile; fileRef = 61A926B321E141AA00543113 /* PrivateKeyTests.swift */; };
		61A9B3652200D86D00E601B3 /* TendermintAddress.swift in Sources */ = {isa = PBXBuildFile; fileRef = 61A9B3642200D86D00E601B3 /* TendermintAddress.swift */; };
		61A9B3672200D87F00E601B3 /* TWTendermintAddress.h in Headers */ = {isa = PBXBuildFile; fileRef = 61A9B3662200D87F00E601B3 /* TWTendermintAddress.h */; settings = {ATTRIBUTES = (Public, ); }; };
		61A9B36D2202582700E601B3 /* TWEthereumChainID.h in Headers */ = {isa = PBXBuildFile; fileRef = 61A9B36C2202582700E601B3 /* TWEthereumChainID.h */; settings = {ATTRIBUTES = (Public, ); }; };
		61AAD39B21DEF6D300B69A34 /* TWBase58.h in Headers */ = {isa = PBXBuildFile; fileRef = 61AAD39A21DEF6D300B69A34 /* TWBase58.h */; settings = {ATTRIBUTES = (Public, ); }; };
		61AAD3A521DEF72500B69A34 /* Base58.swift in Sources */ = {isa = PBXBuildFile; fileRef = 61AAD3A421DEF72500B69A34 /* Base58.swift */; };
		61BA0A6B21F6C929005680E6 /* TWBinanceSigner.h in Headers */ = {isa = PBXBuildFile; fileRef = 61BA0A6A21F6C929005680E6 /* TWBinanceSigner.h */; settings = {ATTRIBUTES = (Public, ); }; };
		61BA0A7521F6C9EC005680E6 /* BinanceSigner.swift in Sources */ = {isa = PBXBuildFile; fileRef = 61BA0A7421F6C9EC005680E6 /* BinanceSigner.swift */; };
		61CABAB521ED36F50086D9A0 /* TWAES.h in Headers */ = {isa = PBXBuildFile; fileRef = 61CABAB421ED36F40086D9A0 /* TWAES.h */; settings = {ATTRIBUTES = (Public, ); }; };
		61CABAB921ED37160086D9A0 /* AES.swift in Sources */ = {isa = PBXBuildFile; fileRef = 61CABAB821ED37160086D9A0 /* AES.swift */; };
		61CABABB21ED41E50086D9A0 /* TWKeyDerivation.h in Headers */ = {isa = PBXBuildFile; fileRef = 61CABABA21ED41E50086D9A0 /* TWKeyDerivation.h */; settings = {ATTRIBUTES = (Public, ); }; };
		61CABABF21ED41FC0086D9A0 /* KeyDerivation.swift in Sources */ = {isa = PBXBuildFile; fileRef = 61CABABE21ED41FB0086D9A0 /* KeyDerivation.swift */; };
		61CABACC21ED781B0086D9A0 /* TWHDVersion.h in Headers */ = {isa = PBXBuildFile; fileRef = 61CABAC621ED781A0086D9A0 /* TWHDVersion.h */; settings = {ATTRIBUTES = (Public, ); }; };
		61CABACD21ED781B0086D9A0 /* TWP2PKHPrefix.h in Headers */ = {isa = PBXBuildFile; fileRef = 61CABAC721ED781A0086D9A0 /* TWP2PKHPrefix.h */; settings = {ATTRIBUTES = (Public, ); }; };
		61CABACE21ED781B0086D9A0 /* TWPurpose.h in Headers */ = {isa = PBXBuildFile; fileRef = 61CABAC821ED781A0086D9A0 /* TWPurpose.h */; settings = {ATTRIBUTES = (Public, ); }; };
		61CABACF21ED781B0086D9A0 /* TWCoinType.h in Headers */ = {isa = PBXBuildFile; fileRef = 61CABAC921ED781A0086D9A0 /* TWCoinType.h */; settings = {ATTRIBUTES = (Public, ); }; };
		61CABAD021ED781B0086D9A0 /* TWHRP.h in Headers */ = {isa = PBXBuildFile; fileRef = 61CABACA21ED781A0086D9A0 /* TWHRP.h */; settings = {ATTRIBUTES = (Public, ); }; };
		61CABAD121ED781B0086D9A0 /* TWP2SHPrefix.h in Headers */ = {isa = PBXBuildFile; fileRef = 61CABACB21ED781B0086D9A0 /* TWP2SHPrefix.h */; settings = {ATTRIBUTES = (Public, ); }; };
		61CABAD721ED782E0086D9A0 /* P2SHPrefix.swift in Sources */ = {isa = PBXBuildFile; fileRef = 61CABAD221ED782D0086D9A0 /* P2SHPrefix.swift */; };
		61CABAD821ED782E0086D9A0 /* HDVersion.swift in Sources */ = {isa = PBXBuildFile; fileRef = 61CABAD321ED782D0086D9A0 /* HDVersion.swift */; };
		61CABAD921ED782E0086D9A0 /* P2PKHPrefix.swift in Sources */ = {isa = PBXBuildFile; fileRef = 61CABAD421ED782D0086D9A0 /* P2PKHPrefix.swift */; };
		61CABADA21ED782E0086D9A0 /* CoinType.swift in Sources */ = {isa = PBXBuildFile; fileRef = 61CABAD521ED782D0086D9A0 /* CoinType.swift */; };
		61CABADB21ED782E0086D9A0 /* Purpose.swift in Sources */ = {isa = PBXBuildFile; fileRef = 61CABAD621ED782E0086D9A0 /* Purpose.swift */; };
		61CABADD21EE5EA60086D9A0 /* HRP.swift in Sources */ = {isa = PBXBuildFile; fileRef = 61CABADC21EE5EA50086D9A0 /* HRP.swift */; };
/* End PBXBuildFile section */

/* Begin PBXContainerItemProxy section */
		61735C9B219E1A81007BF637 /* PBXContainerItemProxy */ = {
			isa = PBXContainerItemProxy;
			containerPortal = 61CDEB92219B36C700CDFE83 /* Project object */;
			proxyType = 1;
			remoteGlobalIDString = 61CDEB9A219B36C700CDFE83;
			remoteInfo = TrustWalletCore;
		};
/* End PBXContainerItemProxy section */

/* Begin PBXFileReference section */
		36F25C48C7A120965C189BCE /* Pods_TrustWalletCore.framework */ = {isa = PBXFileReference; explicitFileType = wrapper.framework; includeInIndex = 0; path = Pods_TrustWalletCore.framework; sourceTree = BUILT_PRODUCTS_DIR; };
		5407F36D3F0E141D422B55FB /* Pods-TrustWalletCore-TrustWalletCoreTests.release.xcconfig */ = {isa = PBXFileReference; includeInIndex = 1; lastKnownFileType = text.xcconfig; name = "Pods-TrustWalletCore-TrustWalletCoreTests.release.xcconfig"; path = "Target Support Files/Pods-TrustWalletCore-TrustWalletCoreTests/Pods-TrustWalletCore-TrustWalletCoreTests.release.xcconfig"; sourceTree = "<group>"; };
		610AEF4421C04DF6008ABB74 /* TWHDWallet.h */ = {isa = PBXFileReference; fileEncoding = 4; lastKnownFileType = sourcecode.c.h; path = TWHDWallet.h; sourceTree = "<group>"; };
		610AEF4821C04E24008ABB74 /* HDWallet.swift */ = {isa = PBXFileReference; fileEncoding = 4; lastKnownFileType = sourcecode.swift; path = HDWallet.swift; sourceTree = "<group>"; };
		610AEF4B21C1A5C5008ABB74 /* TWBitcoin.h */ = {isa = PBXFileReference; fileEncoding = 4; lastKnownFileType = sourcecode.c.h; path = TWBitcoin.h; sourceTree = "<group>"; };
		610AEF7221C8A934008ABB74 /* TWBitcoinTransactionSigner.h */ = {isa = PBXFileReference; fileEncoding = 4; lastKnownFileType = sourcecode.c.h; path = TWBitcoinTransactionSigner.h; sourceTree = "<group>"; };
		610AEF7521C8A959008ABB74 /* BitcoinTransactionSigner.swift */ = {isa = PBXFileReference; fileEncoding = 4; lastKnownFileType = sourcecode.swift; path = BitcoinTransactionSigner.swift; sourceTree = "<group>"; };
		61376FAC220C9E4E00573D0F /* TWZcashTAddress.h */ = {isa = PBXFileReference; fileEncoding = 4; lastKnownFileType = sourcecode.c.h; path = TWZcashTAddress.h; sourceTree = "<group>"; };
		61376FAF220CA2CB00573D0F /* libTrezorCrypto.a */ = {isa = PBXFileReference; lastKnownFileType = archive.ar; name = libTrezorCrypto.a; path = ../build/ios/libTrezorCrypto.a; sourceTree = "<group>"; };
		61376FB0220CA2CB00573D0F /* libprotobuf.a */ = {isa = PBXFileReference; lastKnownFileType = archive.ar; name = libprotobuf.a; path = ../build/ios/libprotobuf.a; sourceTree = "<group>"; };
		61376FB1220CA2CB00573D0F /* libTrustWalletCore.a */ = {isa = PBXFileReference; lastKnownFileType = archive.ar; name = libTrustWalletCore.a; path = ../build/ios/libTrustWalletCore.a; sourceTree = "<group>"; };
		616E122B21A78094009798FC /* Hash.swift */ = {isa = PBXFileReference; fileEncoding = 4; lastKnownFileType = sourcecode.swift; path = Hash.swift; sourceTree = "<group>"; };
		616E125D21AE14E8009798FC /* TWString.h */ = {isa = PBXFileReference; fileEncoding = 4; lastKnownFileType = sourcecode.c.h; path = TWString.h; sourceTree = "<group>"; };
		616E126021AE15C4009798FC /* TWBitcoinScript.h */ = {isa = PBXFileReference; fileEncoding = 4; lastKnownFileType = sourcecode.c.h; path = TWBitcoinScript.h; sourceTree = "<group>"; };
		61722C13220E4DAB00D7BA9A /* Binance.pb.swift */ = {isa = PBXFileReference; fileEncoding = 4; lastKnownFileType = sourcecode.swift; path = Binance.pb.swift; sourceTree = "<group>"; };
		61722C14220E4DAB00D7BA9A /* ChainID.swift */ = {isa = PBXFileReference; fileEncoding = 4; lastKnownFileType = sourcecode.swift; path = ChainID.swift; sourceTree = "<group>"; };
		61722C15220E4DAB00D7BA9A /* ZcashTAddress.swift */ = {isa = PBXFileReference; fileEncoding = 4; lastKnownFileType = sourcecode.swift; path = ZcashTAddress.swift; sourceTree = "<group>"; };
		61722C16220E4DAB00D7BA9A /* Data+Hex.swift */ = {isa = PBXFileReference; fileEncoding = 4; lastKnownFileType = sourcecode.swift; path = "Data+Hex.swift"; sourceTree = "<group>"; };
		61722C17220E4DAB00D7BA9A /* Common.pb.swift */ = {isa = PBXFileReference; fileEncoding = 4; lastKnownFileType = sourcecode.swift; path = Common.pb.swift; sourceTree = "<group>"; };
		61722C18220E4DAB00D7BA9A /* Bitcoin.pb.swift */ = {isa = PBXFileReference; fileEncoding = 4; lastKnownFileType = sourcecode.swift; path = Bitcoin.pb.swift; sourceTree = "<group>"; };
		61722C19220E4DAB00D7BA9A /* CoinTypeConfiguration.swift */ = {isa = PBXFileReference; fileEncoding = 4; lastKnownFileType = sourcecode.swift; path = CoinTypeConfiguration.swift; sourceTree = "<group>"; };
		61722C1A220E4DAB00D7BA9A /* ZcashTransactionSigner.swift */ = {isa = PBXFileReference; fileEncoding = 4; lastKnownFileType = sourcecode.swift; path = ZcashTransactionSigner.swift; sourceTree = "<group>"; };
		61722C1B220E4DAB00D7BA9A /* EthereumChainID.swift */ = {isa = PBXFileReference; fileEncoding = 4; lastKnownFileType = sourcecode.swift; path = EthereumChainID.swift; sourceTree = "<group>"; };
		61722C25220E4DB800D7BA9A /* TWZcashTransactionSigner.h */ = {isa = PBXFileReference; fileEncoding = 4; lastKnownFileType = sourcecode.c.h; path = TWZcashTransactionSigner.h; sourceTree = "<group>"; };
		61722C26220E4DB800D7BA9A /* TWBitcoinProto.h */ = {isa = PBXFileReference; fileEncoding = 4; lastKnownFileType = sourcecode.c.h; path = TWBitcoinProto.h; sourceTree = "<group>"; };
		61722C27220E4DB800D7BA9A /* TWBinanceProto.h */ = {isa = PBXFileReference; fileEncoding = 4; lastKnownFileType = sourcecode.c.h; path = TWBinanceProto.h; sourceTree = "<group>"; };
		61722C28220E4DB900D7BA9A /* TWCommonProto.h */ = {isa = PBXFileReference; fileEncoding = 4; lastKnownFileType = sourcecode.c.h; path = TWCommonProto.h; sourceTree = "<group>"; };
		617358E0219DF043007BF637 /* TWData.h */ = {isa = PBXFileReference; fileEncoding = 4; lastKnownFileType = sourcecode.c.h; path = TWData.h; sourceTree = "<group>"; };
		617358E1219DF043007BF637 /* TWPrivateKey.h */ = {isa = PBXFileReference; fileEncoding = 4; lastKnownFileType = sourcecode.c.h; path = TWPrivateKey.h; sourceTree = "<group>"; };
		617358E2219DF043007BF637 /* TWBase.h */ = {isa = PBXFileReference; fileEncoding = 4; lastKnownFileType = sourcecode.c.h; path = TWBase.h; sourceTree = "<group>"; };
		61735ACD219DF044007BF637 /* TrustWalletCore.h */ = {isa = PBXFileReference; fileEncoding = 4; lastKnownFileType = sourcecode.c.h; path = TrustWalletCore.h; sourceTree = "<group>"; };
		61735AD1219DF044007BF637 /* PrivateKey.swift */ = {isa = PBXFileReference; fileEncoding = 4; lastKnownFileType = sourcecode.swift; path = PrivateKey.swift; sourceTree = "<group>"; };
		61735AD2219DF044007BF637 /* Info.plist */ = {isa = PBXFileReference; fileEncoding = 4; lastKnownFileType = text.plist.xml; path = Info.plist; sourceTree = "<group>"; };
		61735C86219DF242007BF637 /* README.md */ = {isa = PBXFileReference; lastKnownFileType = net.daringfireball.markdown; name = README.md; path = ../README.md; sourceTree = "<group>"; };
		61735C87219DF64D007BF637 /* SecRandom.m */ = {isa = PBXFileReference; fileEncoding = 4; lastKnownFileType = sourcecode.c.objc; path = SecRandom.m; sourceTree = "<group>"; };
		61735C8F219E1658007BF637 /* UInt256.swift */ = {isa = PBXFileReference; lastKnownFileType = sourcecode.swift; path = UInt256.swift; sourceTree = "<group>"; };
		61735C95219E1A81007BF637 /* TrustWalletCoreTests.xctest */ = {isa = PBXFileReference; explicitFileType = wrapper.cfbundle; includeInIndex = 0; path = TrustWalletCoreTests.xctest; sourceTree = BUILT_PRODUCTS_DIR; };
		61735C97219E1A81007BF637 /* UInt256Tests.swift */ = {isa = PBXFileReference; lastKnownFileType = sourcecode.swift; path = UInt256Tests.swift; sourceTree = "<group>"; };
		61735C99219E1A81007BF637 /* Info.plist */ = {isa = PBXFileReference; lastKnownFileType = text.plist.xml; path = Info.plist; sourceTree = "<group>"; };
		61735CA2219E311C007BF637 /* TWUInt256.h */ = {isa = PBXFileReference; fileEncoding = 4; lastKnownFileType = sourcecode.c.h; path = TWUInt256.h; sourceTree = "<group>"; };
		61735CB821A33D47007BF637 /* TWHash.h */ = {isa = PBXFileReference; fileEncoding = 4; lastKnownFileType = sourcecode.c.h; path = TWHash.h; sourceTree = "<group>"; };
		61735CC521A382C7007BF637 /* TWPublicKey.h */ = {isa = PBXFileReference; lastKnownFileType = sourcecode.c.h; path = TWPublicKey.h; sourceTree = "<group>"; };
		61735CD221A3BF69007BF637 /* PublicKey.swift */ = {isa = PBXFileReference; fileEncoding = 4; lastKnownFileType = sourcecode.swift; path = PublicKey.swift; sourceTree = "<group>"; };
		617875602204FF2C00365E91 /* TWCoinTypeConfiguration.h */ = {isa = PBXFileReference; fileEncoding = 4; lastKnownFileType = sourcecode.c.h; path = TWCoinTypeConfiguration.h; sourceTree = "<group>"; };
		61977CC421C9B9D000C385D5 /* TWBitcoinAddress.h */ = {isa = PBXFileReference; fileEncoding = 4; lastKnownFileType = sourcecode.c.h; path = TWBitcoinAddress.h; sourceTree = "<group>"; };
		61977CC521C9B9D000C385D5 /* TWBitcoinCashAddress.h */ = {isa = PBXFileReference; fileEncoding = 4; lastKnownFileType = sourcecode.c.h; path = TWBitcoinCashAddress.h; sourceTree = "<group>"; };
		61977CCC21C9B9EE00C385D5 /* BitcoinCashAddress.swift */ = {isa = PBXFileReference; fileEncoding = 4; lastKnownFileType = sourcecode.swift; path = BitcoinCashAddress.swift; sourceTree = "<group>"; };
		61977CCD21C9B9EE00C385D5 /* BitcoinAddress.swift */ = {isa = PBXFileReference; fileEncoding = 4; lastKnownFileType = sourcecode.swift; path = BitcoinAddress.swift; sourceTree = "<group>"; };
		6198EA5221AF61EF008CB60A /* BitcoinScript.swift */ = {isa = PBXFileReference; fileEncoding = 4; lastKnownFileType = sourcecode.swift; path = BitcoinScript.swift; sourceTree = "<group>"; };
		6198EA5821B1CC5B008CB60A /* TWFoundationData.m */ = {isa = PBXFileReference; fileEncoding = 4; lastKnownFileType = sourcecode.c.objc; path = TWFoundationData.m; sourceTree = "<group>"; };
		6198EA5E21B2021A008CB60A /* TWFoundationData.h */ = {isa = PBXFileReference; lastKnownFileType = sourcecode.c.h; path = TWFoundationData.h; sourceTree = "<group>"; };
		6198EA6021B21702008CB60A /* TWFoundationString.m */ = {isa = PBXFileReference; lastKnownFileType = sourcecode.c.objc; path = TWFoundationString.m; sourceTree = "<group>"; };
		6198EA6221B21714008CB60A /* TWFoundationString.h */ = {isa = PBXFileReference; lastKnownFileType = sourcecode.c.h; path = TWFoundationString.h; sourceTree = "<group>"; };
		6198EA6421B59575008CB60A /* String.swift */ = {isa = PBXFileReference; lastKnownFileType = sourcecode.swift; path = String.swift; sourceTree = "<group>"; };
		6198EA7D21B6B9C2008CB60A /* Data.swift */ = {isa = PBXFileReference; fileEncoding = 4; lastKnownFileType = sourcecode.swift; path = Data.swift; sourceTree = "<group>"; };
		6198EA7F21B6BFC9008CB60A /* DataTests.swift */ = {isa = PBXFileReference; lastKnownFileType = sourcecode.swift; path = DataTests.swift; sourceTree = "<group>"; };
		6198EA8121B811A1008CB60A /* TWBitcoinOpCodes.h */ = {isa = PBXFileReference; fileEncoding = 4; lastKnownFileType = sourcecode.c.h; path = TWBitcoinOpCodes.h; sourceTree = "<group>"; };
		6198EA8321B811A2008CB60A /* TWBech32Address.h */ = {isa = PBXFileReference; fileEncoding = 4; lastKnownFileType = sourcecode.c.h; path = TWBech32Address.h; sourceTree = "<group>"; };
		6198EA8B21B811CD008CB60A /* Bech32Address.swift */ = {isa = PBXFileReference; fileEncoding = 4; lastKnownFileType = sourcecode.swift; path = Bech32Address.swift; sourceTree = "<group>"; };
		61A8C5C42205013E004DA312 /* Dummy.cpp */ = {isa = PBXFileReference; lastKnownFileType = sourcecode.cpp.cpp; path = Dummy.cpp; sourceTree = "<group>"; };
		61A926B321E141AA00543113 /* PrivateKeyTests.swift */ = {isa = PBXFileReference; lastKnownFileType = sourcecode.swift; path = PrivateKeyTests.swift; sourceTree = "<group>"; };
		61A9B30621FD300600E601B3 /* cpp.xcconfig */ = {isa = PBXFileReference; lastKnownFileType = text.xcconfig; path = cpp.xcconfig; sourceTree = "<group>"; };
		61A9B3642200D86D00E601B3 /* TendermintAddress.swift */ = {isa = PBXFileReference; fileEncoding = 4; lastKnownFileType = sourcecode.swift; path = TendermintAddress.swift; sourceTree = "<group>"; };
		61A9B3662200D87F00E601B3 /* TWTendermintAddress.h */ = {isa = PBXFileReference; fileEncoding = 4; lastKnownFileType = sourcecode.c.h; path = TWTendermintAddress.h; sourceTree = "<group>"; };
		61A9B36C2202582700E601B3 /* TWEthereumChainID.h */ = {isa = PBXFileReference; fileEncoding = 4; lastKnownFileType = sourcecode.c.h; path = TWEthereumChainID.h; sourceTree = "<group>"; };
		61AAD39A21DEF6D300B69A34 /* TWBase58.h */ = {isa = PBXFileReference; fileEncoding = 4; lastKnownFileType = sourcecode.c.h; path = TWBase58.h; sourceTree = "<group>"; };
		61AAD3A421DEF72500B69A34 /* Base58.swift */ = {isa = PBXFileReference; fileEncoding = 4; lastKnownFileType = sourcecode.swift; path = Base58.swift; sourceTree = "<group>"; };
		61BA0A6A21F6C929005680E6 /* TWBinanceSigner.h */ = {isa = PBXFileReference; fileEncoding = 4; lastKnownFileType = sourcecode.c.h; path = TWBinanceSigner.h; sourceTree = "<group>"; };
		61BA0A7421F6C9EC005680E6 /* BinanceSigner.swift */ = {isa = PBXFileReference; fileEncoding = 4; lastKnownFileType = sourcecode.swift; path = BinanceSigner.swift; sourceTree = "<group>"; };
		61CABAB421ED36F40086D9A0 /* TWAES.h */ = {isa = PBXFileReference; fileEncoding = 4; lastKnownFileType = sourcecode.c.h; path = TWAES.h; sourceTree = "<group>"; };
		61CABAB821ED37160086D9A0 /* AES.swift */ = {isa = PBXFileReference; fileEncoding = 4; lastKnownFileType = sourcecode.swift; path = AES.swift; sourceTree = "<group>"; };
		61CABABA21ED41E50086D9A0 /* TWKeyDerivation.h */ = {isa = PBXFileReference; fileEncoding = 4; lastKnownFileType = sourcecode.c.h; path = TWKeyDerivation.h; sourceTree = "<group>"; };
		61CABABE21ED41FB0086D9A0 /* KeyDerivation.swift */ = {isa = PBXFileReference; fileEncoding = 4; lastKnownFileType = sourcecode.swift; path = KeyDerivation.swift; sourceTree = "<group>"; };
		61CABAC621ED781A0086D9A0 /* TWHDVersion.h */ = {isa = PBXFileReference; fileEncoding = 4; lastKnownFileType = sourcecode.c.h; path = TWHDVersion.h; sourceTree = "<group>"; };
		61CABAC721ED781A0086D9A0 /* TWP2PKHPrefix.h */ = {isa = PBXFileReference; fileEncoding = 4; lastKnownFileType = sourcecode.c.h; path = TWP2PKHPrefix.h; sourceTree = "<group>"; };
		61CABAC821ED781A0086D9A0 /* TWPurpose.h */ = {isa = PBXFileReference; fileEncoding = 4; lastKnownFileType = sourcecode.c.h; path = TWPurpose.h; sourceTree = "<group>"; };
		61CABAC921ED781A0086D9A0 /* TWCoinType.h */ = {isa = PBXFileReference; fileEncoding = 4; lastKnownFileType = sourcecode.c.h; path = TWCoinType.h; sourceTree = "<group>"; };
		61CABACA21ED781A0086D9A0 /* TWHRP.h */ = {isa = PBXFileReference; fileEncoding = 4; lastKnownFileType = sourcecode.c.h; path = TWHRP.h; sourceTree = "<group>"; };
		61CABACB21ED781B0086D9A0 /* TWP2SHPrefix.h */ = {isa = PBXFileReference; fileEncoding = 4; lastKnownFileType = sourcecode.c.h; path = TWP2SHPrefix.h; sourceTree = "<group>"; };
		61CABAD221ED782D0086D9A0 /* P2SHPrefix.swift */ = {isa = PBXFileReference; fileEncoding = 4; lastKnownFileType = sourcecode.swift; path = P2SHPrefix.swift; sourceTree = "<group>"; };
		61CABAD321ED782D0086D9A0 /* HDVersion.swift */ = {isa = PBXFileReference; fileEncoding = 4; lastKnownFileType = sourcecode.swift; path = HDVersion.swift; sourceTree = "<group>"; };
		61CABAD421ED782D0086D9A0 /* P2PKHPrefix.swift */ = {isa = PBXFileReference; fileEncoding = 4; lastKnownFileType = sourcecode.swift; path = P2PKHPrefix.swift; sourceTree = "<group>"; };
		61CABAD521ED782D0086D9A0 /* CoinType.swift */ = {isa = PBXFileReference; fileEncoding = 4; lastKnownFileType = sourcecode.swift; path = CoinType.swift; sourceTree = "<group>"; };
		61CABAD621ED782E0086D9A0 /* Purpose.swift */ = {isa = PBXFileReference; fileEncoding = 4; lastKnownFileType = sourcecode.swift; path = Purpose.swift; sourceTree = "<group>"; };
		61CABADC21EE5EA50086D9A0 /* HRP.swift */ = {isa = PBXFileReference; fileEncoding = 4; lastKnownFileType = sourcecode.swift; path = HRP.swift; sourceTree = "<group>"; };
		61CDEB9B219B36C700CDFE83 /* TrustWalletCore.framework */ = {isa = PBXFileReference; explicitFileType = wrapper.framework; includeInIndex = 0; path = TrustWalletCore.framework; sourceTree = BUILT_PRODUCTS_DIR; };
		667A8CF3B4C135CBB4CAC72E /* Pods-TrustWalletCore.release.xcconfig */ = {isa = PBXFileReference; includeInIndex = 1; lastKnownFileType = text.xcconfig; name = "Pods-TrustWalletCore.release.xcconfig"; path = "Target Support Files/Pods-TrustWalletCore/Pods-TrustWalletCore.release.xcconfig"; sourceTree = "<group>"; };
		7B3B8FA185E5408ACD70CFB5 /* Pods_TrustWalletCore_TrustWalletCoreTests.framework */ = {isa = PBXFileReference; explicitFileType = wrapper.framework; includeInIndex = 0; path = Pods_TrustWalletCore_TrustWalletCoreTests.framework; sourceTree = BUILT_PRODUCTS_DIR; };
		7FA8B7BB1E3133C07DD22764 /* Pods-TrustWalletCore.debug.xcconfig */ = {isa = PBXFileReference; includeInIndex = 1; lastKnownFileType = text.xcconfig; name = "Pods-TrustWalletCore.debug.xcconfig"; path = "Target Support Files/Pods-TrustWalletCore/Pods-TrustWalletCore.debug.xcconfig"; sourceTree = "<group>"; };
		A0EF7E3AF04D56209F55EDF7 /* Pods-TrustWalletCore-TrustWalletCoreTests.debug.xcconfig */ = {isa = PBXFileReference; includeInIndex = 1; lastKnownFileType = text.xcconfig; name = "Pods-TrustWalletCore-TrustWalletCoreTests.debug.xcconfig"; path = "Target Support Files/Pods-TrustWalletCore-TrustWalletCoreTests/Pods-TrustWalletCore-TrustWalletCoreTests.debug.xcconfig"; sourceTree = "<group>"; };
/* End PBXFileReference section */

/* Begin PBXFrameworksBuildPhase section */
		61735C92219E1A81007BF637 /* Frameworks */ = {
			isa = PBXFrameworksBuildPhase;
			buildActionMask = 2147483647;
			files = (
				61A8C5E622052607004DA312 /* (null) in Frameworks */,
				61735C9A219E1A81007BF637 /* TrustWalletCore.framework in Frameworks */,
				61376FB6220CA2CE00573D0F /* libTrezorCrypto.a in Frameworks */,
				61A8C5E422052607004DA312 /* (null) in Frameworks */,
				61A8C5E522052607004DA312 /* (null) in Frameworks */,
				61376FB5220CA2CE00573D0F /* libprotobuf.a in Frameworks */,
				61376FB7220CA2CE00573D0F /* libTrustWalletCore.a in Frameworks */,
				34339D36023473D76FAF18EE /* Pods_TrustWalletCore_TrustWalletCoreTests.framework in Frameworks */,
			);
			runOnlyForDeploymentPostprocessing = 0;
		};
		61CDEB98219B36C700CDFE83 /* Frameworks */ = {
			isa = PBXFrameworksBuildPhase;
			buildActionMask = 2147483647;
			files = (
				61376FB2220CA2CB00573D0F /* libTrezorCrypto.a in Frameworks */,
				61376FB3220CA2CB00573D0F /* libprotobuf.a in Frameworks */,
				61376FB4220CA2CB00573D0F /* libTrustWalletCore.a in Frameworks */,
				467181FB9EFC0E4C01DDB460 /* Pods_TrustWalletCore.framework in Frameworks */,
			);
			runOnlyForDeploymentPostprocessing = 0;
		};
/* End PBXFrameworksBuildPhase section */

/* Begin PBXGroup section */
		617358DE219DF043007BF637 /* include */ = {
			isa = PBXGroup;
			children = (
				617358DF219DF043007BF637 /* TrustWalletCore */,
			);
			name = include;
			path = ../include;
			sourceTree = "<group>";
		};
		617358DF219DF043007BF637 /* TrustWalletCore */ = {
			isa = PBXGroup;
			children = (
				61CABAB421ED36F40086D9A0 /* TWAES.h */,
				617358E2219DF043007BF637 /* TWBase.h */,
				61AAD39A21DEF6D300B69A34 /* TWBase58.h */,
				6198EA8321B811A2008CB60A /* TWBech32Address.h */,
				61722C27220E4DB800D7BA9A /* TWBinanceProto.h */,
				61BA0A6A21F6C929005680E6 /* TWBinanceSigner.h */,
				610AEF4B21C1A5C5008ABB74 /* TWBitcoin.h */,
				61977CC421C9B9D000C385D5 /* TWBitcoinAddress.h */,
				61977CC521C9B9D000C385D5 /* TWBitcoinCashAddress.h */,
				6198EA8121B811A1008CB60A /* TWBitcoinOpCodes.h */,
				61722C26220E4DB800D7BA9A /* TWBitcoinProto.h */,
				616E126021AE15C4009798FC /* TWBitcoinScript.h */,
				610AEF7221C8A934008ABB74 /* TWBitcoinTransactionSigner.h */,
				61CABAC921ED781A0086D9A0 /* TWCoinType.h */,
				617875602204FF2C00365E91 /* TWCoinTypeConfiguration.h */,
				61722C28220E4DB900D7BA9A /* TWCommonProto.h */,
				617358E0219DF043007BF637 /* TWData.h */,
				61A9B36C2202582700E601B3 /* TWEthereumChainID.h */,
				61735CB821A33D47007BF637 /* TWHash.h */,
				61CABAC621ED781A0086D9A0 /* TWHDVersion.h */,
				610AEF4421C04DF6008ABB74 /* TWHDWallet.h */,
				61CABACA21ED781A0086D9A0 /* TWHRP.h */,
				61CABABA21ED41E50086D9A0 /* TWKeyDerivation.h */,
				61CABAC721ED781A0086D9A0 /* TWP2PKHPrefix.h */,
				61CABACB21ED781B0086D9A0 /* TWP2SHPrefix.h */,
				617358E1219DF043007BF637 /* TWPrivateKey.h */,
				61735CC521A382C7007BF637 /* TWPublicKey.h */,
				61CABAC821ED781A0086D9A0 /* TWPurpose.h */,
				616E125D21AE14E8009798FC /* TWString.h */,
				61A9B3662200D87F00E601B3 /* TWTendermintAddress.h */,
				61735CA2219E311C007BF637 /* TWUInt256.h */,
				61376FAC220C9E4E00573D0F /* TWZcashTAddress.h */,
				61722C25220E4DB800D7BA9A /* TWZcashTransactionSigner.h */,
			);
			path = TrustWalletCore;
			sourceTree = "<group>";
		};
		61735ACB219DF044007BF637 /* swift */ = {
			isa = PBXGroup;
			children = (
				61735AD2219DF044007BF637 /* Info.plist */,
				61735CB7219F88C2007BF637 /* Sources */,
				61735C96219E1A81007BF637 /* Tests */,
				61A9B30621FD300600E601B3 /* cpp.xcconfig */,
			);
			name = swift;
			sourceTree = "<group>";
		};
		61735C96219E1A81007BF637 /* Tests */ = {
			isa = PBXGroup;
			children = (
				61735C99219E1A81007BF637 /* Info.plist */,
				6198EA7F21B6BFC9008CB60A /* DataTests.swift */,
				61735C97219E1A81007BF637 /* UInt256Tests.swift */,
				61A926B321E141AA00543113 /* PrivateKeyTests.swift */,
			);
			path = Tests;
			sourceTree = "<group>";
		};
		61735CB7219F88C2007BF637 /* Sources */ = {
			isa = PBXGroup;
			children = (
				61CABAB821ED37160086D9A0 /* AES.swift */,
				61AAD3A421DEF72500B69A34 /* Base58.swift */,
				6198EA8B21B811CD008CB60A /* Bech32Address.swift */,
				61722C13220E4DAB00D7BA9A /* Binance.pb.swift */,
				61BA0A7421F6C9EC005680E6 /* BinanceSigner.swift */,
				61722C18220E4DAB00D7BA9A /* Bitcoin.pb.swift */,
				61977CCD21C9B9EE00C385D5 /* BitcoinAddress.swift */,
				61977CCC21C9B9EE00C385D5 /* BitcoinCashAddress.swift */,
				6198EA5221AF61EF008CB60A /* BitcoinScript.swift */,
				610AEF7521C8A959008ABB74 /* BitcoinTransactionSigner.swift */,
				61722C14220E4DAB00D7BA9A /* ChainID.swift */,
				61CABAD521ED782D0086D9A0 /* CoinType.swift */,
				61722C19220E4DAB00D7BA9A /* CoinTypeConfiguration.swift */,
				61722C17220E4DAB00D7BA9A /* Common.pb.swift */,
				6198EA7D21B6B9C2008CB60A /* Data.swift */,
				61722C16220E4DAB00D7BA9A /* Data+Hex.swift */,
				61A8C5C42205013E004DA312 /* Dummy.cpp */,
				61722C1B220E4DAB00D7BA9A /* EthereumChainID.swift */,
				616E122B21A78094009798FC /* Hash.swift */,
				61CABAD321ED782D0086D9A0 /* HDVersion.swift */,
				610AEF4821C04E24008ABB74 /* HDWallet.swift */,
				61CABADC21EE5EA50086D9A0 /* HRP.swift */,
				61CABABE21ED41FB0086D9A0 /* KeyDerivation.swift */,
				61CABAD421ED782D0086D9A0 /* P2PKHPrefix.swift */,
				61CABAD221ED782D0086D9A0 /* P2SHPrefix.swift */,
				61735AD1219DF044007BF637 /* PrivateKey.swift */,
				61735CD221A3BF69007BF637 /* PublicKey.swift */,
				61CABAD621ED782E0086D9A0 /* Purpose.swift */,
				61735C87219DF64D007BF637 /* SecRandom.m */,
				6198EA6421B59575008CB60A /* String.swift */,
				61A9B3642200D86D00E601B3 /* TendermintAddress.swift */,
				61735ACD219DF044007BF637 /* TrustWalletCore.h */,
				6198EA5E21B2021A008CB60A /* TWFoundationData.h */,
				6198EA5821B1CC5B008CB60A /* TWFoundationData.m */,
				6198EA6221B21714008CB60A /* TWFoundationString.h */,
				6198EA6021B21702008CB60A /* TWFoundationString.m */,
				61735C8F219E1658007BF637 /* UInt256.swift */,
				61722C15220E4DAB00D7BA9A /* ZcashTAddress.swift */,
				61722C1A220E4DAB00D7BA9A /* ZcashTransactionSigner.swift */,
			);
			path = Sources;
			sourceTree = "<group>";
		};
		61CDEB91219B36C700CDFE83 = {
			isa = PBXGroup;
			children = (
				BA222DA2893E8FA7B4F3A6DB /* Frameworks */,
				617358DE219DF043007BF637 /* include */,
				D79DFA430E7311B0E62847BA /* Pods */,
				61CDEB9C219B36C700CDFE83 /* Products */,
				61735C86219DF242007BF637 /* README.md */,
				61735ACB219DF044007BF637 /* swift */,
			);
			sourceTree = "<group>";
		};
		61CDEB9C219B36C700CDFE83 /* Products */ = {
			isa = PBXGroup;
			children = (
				61CDEB9B219B36C700CDFE83 /* TrustWalletCore.framework */,
				61735C95219E1A81007BF637 /* TrustWalletCoreTests.xctest */,
			);
			name = Products;
			sourceTree = "<group>";
		};
		BA222DA2893E8FA7B4F3A6DB /* Frameworks */ = {
			isa = PBXGroup;
			children = (
				61376FB0220CA2CB00573D0F /* libprotobuf.a */,
				61376FAF220CA2CB00573D0F /* libTrezorCrypto.a */,
				61376FB1220CA2CB00573D0F /* libTrustWalletCore.a */,
				36F25C48C7A120965C189BCE /* Pods_TrustWalletCore.framework */,
				7B3B8FA185E5408ACD70CFB5 /* Pods_TrustWalletCore_TrustWalletCoreTests.framework */,
			);
			name = Frameworks;
			sourceTree = "<group>";
		};
		D79DFA430E7311B0E62847BA /* Pods */ = {
			isa = PBXGroup;
			children = (
				7FA8B7BB1E3133C07DD22764 /* Pods-TrustWalletCore.debug.xcconfig */,
				667A8CF3B4C135CBB4CAC72E /* Pods-TrustWalletCore.release.xcconfig */,
				A0EF7E3AF04D56209F55EDF7 /* Pods-TrustWalletCore-TrustWalletCoreTests.debug.xcconfig */,
				5407F36D3F0E141D422B55FB /* Pods-TrustWalletCore-TrustWalletCoreTests.release.xcconfig */,
			);
			path = Pods;
			sourceTree = "<group>";
		};
/* End PBXGroup section */

/* Begin PBXHeadersBuildPhase section */
		61CDEB96219B36C700CDFE83 /* Headers */ = {
			isa = PBXHeadersBuildPhase;
			buildActionMask = 2147483647;
			files = (
				610AEF4D21C1A5C5008ABB74 /* TWBitcoin.h in Headers */,
				61A9B36D2202582700E601B3 /* TWEthereumChainID.h in Headers */,
				6198EA8421B811A2008CB60A /* TWBitcoinOpCodes.h in Headers */,
				61722C29220E4DB900D7BA9A /* TWZcashTransactionSigner.h in Headers */,
				61977CC721C9B9D000C385D5 /* TWBitcoinCashAddress.h in Headers */,
				61CABAB521ED36F50086D9A0 /* TWAES.h in Headers */,
				61A9B3672200D87F00E601B3 /* TWTendermintAddress.h in Headers */,
				61735AD6219DF044007BF637 /* TWBase.h in Headers */,
				61722C2B220E4DB900D7BA9A /* TWBinanceProto.h in Headers */,
				610AEF4521C04DF6008ABB74 /* TWHDWallet.h in Headers */,
				61CABAD121ED781B0086D9A0 /* TWP2SHPrefix.h in Headers */,
				6198EA8621B811A2008CB60A /* TWBech32Address.h in Headers */,
				61735AD4219DF044007BF637 /* TWData.h in Headers */,
				61735CB921A33D47007BF637 /* TWHash.h in Headers */,
				61722C2A220E4DB900D7BA9A /* TWBitcoinProto.h in Headers */,
				61CABACF21ED781B0086D9A0 /* TWCoinType.h in Headers */,
				61CABABB21ED41E50086D9A0 /* TWKeyDerivation.h in Headers */,
				61735C83219DF044007BF637 /* TrustWalletCore.h in Headers */,
				61977CC621C9B9D000C385D5 /* TWBitcoinAddress.h in Headers */,
				61AAD39B21DEF6D300B69A34 /* TWBase58.h in Headers */,
				6198EA6321B21714008CB60A /* TWFoundationString.h in Headers */,
				61722C2C220E4DB900D7BA9A /* TWCommonProto.h in Headers */,
				61376FAE220C9E4E00573D0F /* TWZcashTAddress.h in Headers */,
				6198EA5F21B2021A008CB60A /* TWFoundationData.h in Headers */,
				616E125F21AE14E8009798FC /* TWString.h in Headers */,
				61BA0A6B21F6C929005680E6 /* TWBinanceSigner.h in Headers */,
				61CABACC21ED781B0086D9A0 /* TWHDVersion.h in Headers */,
				61735CC721A382C7007BF637 /* TWPublicKey.h in Headers */,
				617875612204FF2C00365E91 /* TWCoinTypeConfiguration.h in Headers */,
				610AEF7421C8A934008ABB74 /* TWBitcoinTransactionSigner.h in Headers */,
				616E126121AE15C4009798FC /* TWBitcoinScript.h in Headers */,
				61CABAD021ED781B0086D9A0 /* TWHRP.h in Headers */,
				61CABACD21ED781B0086D9A0 /* TWP2PKHPrefix.h in Headers */,
				61735AD5219DF044007BF637 /* TWPrivateKey.h in Headers */,
				61735CA3219E311C007BF637 /* TWUInt256.h in Headers */,
				61CABACE21ED781B0086D9A0 /* TWPurpose.h in Headers */,
			);
			runOnlyForDeploymentPostprocessing = 0;
		};
/* End PBXHeadersBuildPhase section */

/* Begin PBXNativeTarget section */
		61735C94219E1A81007BF637 /* TrustWalletCoreTests */ = {
			isa = PBXNativeTarget;
			buildConfigurationList = 61735C9D219E1A81007BF637 /* Build configuration list for PBXNativeTarget "TrustWalletCoreTests" */;
			buildPhases = (
				87470AEBBC0F06DD0CF437B1 /* [CP] Check Pods Manifest.lock */,
				61735C91219E1A81007BF637 /* Sources */,
				61735C92219E1A81007BF637 /* Frameworks */,
				61735C93219E1A81007BF637 /* Resources */,
				7E2A99EF037E8750B5718371 /* [CP] Embed Pods Frameworks */,
			);
			buildRules = (
			);
			dependencies = (
				61735C9C219E1A81007BF637 /* PBXTargetDependency */,
			);
			name = TrustWalletCoreTests;
			productName = TrustWalletCoreTests;
			productReference = 61735C95219E1A81007BF637 /* TrustWalletCoreTests.xctest */;
			productType = "com.apple.product-type.bundle.unit-test";
		};
		61CDEB9A219B36C700CDFE83 /* TrustWalletCore */ = {
			isa = PBXNativeTarget;
			buildConfigurationList = 61CDEBAF219B36C700CDFE83 /* Build configuration list for PBXNativeTarget "TrustWalletCore" */;
			buildPhases = (
				F0625EE0578091EBC70BCE2E /* [CP] Check Pods Manifest.lock */,
				61CDEB96219B36C700CDFE83 /* Headers */,
				61CDEB97219B36C700CDFE83 /* Sources */,
				61CDEB98219B36C700CDFE83 /* Frameworks */,
				61CDEB99219B36C700CDFE83 /* Resources */,
			);
			buildRules = (
			);
			dependencies = (
			);
			name = TrustWalletCore;
			productName = TrustWalletCore;
			productReference = 61CDEB9B219B36C700CDFE83 /* TrustWalletCore.framework */;
			productType = "com.apple.product-type.framework";
		};
/* End PBXNativeTarget section */

/* Begin PBXProject section */
		61CDEB92219B36C700CDFE83 /* Project object */ = {
			isa = PBXProject;
			attributes = {
				LastSwiftUpdateCheck = 1010;
				LastUpgradeCheck = 1010;
				ORGANIZATIONNAME = Binance;
				TargetAttributes = {
					61735C94219E1A81007BF637 = {
						CreatedOnToolsVersion = 10.1;
						LastSwiftMigration = 1010;
					};
					61CDEB9A219B36C700CDFE83 = {
						CreatedOnToolsVersion = 10.1;
						LastSwiftMigration = 1010;
					};
				};
			};
			buildConfigurationList = 61CDEB95219B36C700CDFE83 /* Build configuration list for PBXProject "TrustWalletCore" */;
			compatibilityVersion = "Xcode 9.3";
			developmentRegion = en;
			hasScannedForEncodings = 0;
			knownRegions = (
				en,
			);
			mainGroup = 61CDEB91219B36C700CDFE83;
			productRefGroup = 61CDEB9C219B36C700CDFE83 /* Products */;
			projectDirPath = "";
			projectRoot = "";
			targets = (
				61CDEB9A219B36C700CDFE83 /* TrustWalletCore */,
				61735C94219E1A81007BF637 /* TrustWalletCoreTests */,
			);
		};
/* End PBXProject section */

/* Begin PBXResourcesBuildPhase section */
		61735C93219E1A81007BF637 /* Resources */ = {
			isa = PBXResourcesBuildPhase;
			buildActionMask = 2147483647;
			files = (
			);
			runOnlyForDeploymentPostprocessing = 0;
		};
		61CDEB99219B36C700CDFE83 /* Resources */ = {
			isa = PBXResourcesBuildPhase;
			buildActionMask = 2147483647;
			files = (
			);
			runOnlyForDeploymentPostprocessing = 0;
		};
/* End PBXResourcesBuildPhase section */

/* Begin PBXShellScriptBuildPhase section */
		7E2A99EF037E8750B5718371 /* [CP] Embed Pods Frameworks */ = {
			isa = PBXShellScriptBuildPhase;
			buildActionMask = 2147483647;
			files = (
			);
			inputFileListPaths = (
			);
			inputPaths = (
				"${PODS_ROOT}/Target Support Files/Pods-TrustWalletCore-TrustWalletCoreTests/Pods-TrustWalletCore-TrustWalletCoreTests-frameworks.sh",
				"${BUILT_PRODUCTS_DIR}/SwiftProtobuf/SwiftProtobuf.framework",
			);
			name = "[CP] Embed Pods Frameworks";
			outputFileListPaths = (
			);
			outputPaths = (
				"${TARGET_BUILD_DIR}/${FRAMEWORKS_FOLDER_PATH}/SwiftProtobuf.framework",
			);
			runOnlyForDeploymentPostprocessing = 0;
			shellPath = /bin/sh;
			shellScript = "\"${PODS_ROOT}/Target Support Files/Pods-TrustWalletCore-TrustWalletCoreTests/Pods-TrustWalletCore-TrustWalletCoreTests-frameworks.sh\"\n";
			showEnvVarsInLog = 0;
		};
		87470AEBBC0F06DD0CF437B1 /* [CP] Check Pods Manifest.lock */ = {
			isa = PBXShellScriptBuildPhase;
			buildActionMask = 2147483647;
			files = (
			);
			inputFileListPaths = (
			);
			inputPaths = (
				"${PODS_PODFILE_DIR_PATH}/Podfile.lock",
				"${PODS_ROOT}/Manifest.lock",
			);
			name = "[CP] Check Pods Manifest.lock";
			outputFileListPaths = (
			);
			outputPaths = (
				"$(DERIVED_FILE_DIR)/Pods-TrustWalletCore-TrustWalletCoreTests-checkManifestLockResult.txt",
			);
			runOnlyForDeploymentPostprocessing = 0;
			shellPath = /bin/sh;
			shellScript = "diff \"${PODS_PODFILE_DIR_PATH}/Podfile.lock\" \"${PODS_ROOT}/Manifest.lock\" > /dev/null\nif [ $? != 0 ] ; then\n    # print error to STDERR\n    echo \"error: The sandbox is not in sync with the Podfile.lock. Run 'pod install' or update your CocoaPods installation.\" >&2\n    exit 1\nfi\n# This output is used by Xcode 'outputs' to avoid re-running this script phase.\necho \"SUCCESS\" > \"${SCRIPT_OUTPUT_FILE_0}\"\n";
			showEnvVarsInLog = 0;
		};
		F0625EE0578091EBC70BCE2E /* [CP] Check Pods Manifest.lock */ = {
			isa = PBXShellScriptBuildPhase;
			buildActionMask = 2147483647;
			files = (
			);
			inputFileListPaths = (
			);
			inputPaths = (
				"${PODS_PODFILE_DIR_PATH}/Podfile.lock",
				"${PODS_ROOT}/Manifest.lock",
			);
			name = "[CP] Check Pods Manifest.lock";
			outputFileListPaths = (
			);
			outputPaths = (
				"$(DERIVED_FILE_DIR)/Pods-TrustWalletCore-checkManifestLockResult.txt",
			);
			runOnlyForDeploymentPostprocessing = 0;
			shellPath = /bin/sh;
			shellScript = "diff \"${PODS_PODFILE_DIR_PATH}/Podfile.lock\" \"${PODS_ROOT}/Manifest.lock\" > /dev/null\nif [ $? != 0 ] ; then\n    # print error to STDERR\n    echo \"error: The sandbox is not in sync with the Podfile.lock. Run 'pod install' or update your CocoaPods installation.\" >&2\n    exit 1\nfi\n# This output is used by Xcode 'outputs' to avoid re-running this script phase.\necho \"SUCCESS\" > \"${SCRIPT_OUTPUT_FILE_0}\"\n";
			showEnvVarsInLog = 0;
		};
/* End PBXShellScriptBuildPhase section */

/* Begin PBXSourcesBuildPhase section */
		61735C91219E1A81007BF637 /* Sources */ = {
			isa = PBXSourcesBuildPhase;
			buildActionMask = 2147483647;
			files = (
				61A8C5CB2205023E004DA312 /* Dummy.cpp in Sources */,
				61735C98219E1A81007BF637 /* UInt256Tests.swift in Sources */,
				6198EA8021B6BFC9008CB60A /* DataTests.swift in Sources */,
				61A926B421E141AA00543113 /* PrivateKeyTests.swift in Sources */,
			);
			runOnlyForDeploymentPostprocessing = 0;
		};
		61CDEB97219B36C700CDFE83 /* Sources */ = {
			isa = PBXSourcesBuildPhase;
			buildActionMask = 2147483647;
			files = (
				61CABADB21ED782E0086D9A0 /* Purpose.swift in Sources */,
				61977CCE21C9B9EF00C385D5 /* BitcoinCashAddress.swift in Sources */,
				61CABADD21EE5EA60086D9A0 /* HRP.swift in Sources */,
				6198EA7E21B6B9C2008CB60A /* Data.swift in Sources */,
				61CABADA21ED782E0086D9A0 /* CoinType.swift in Sources */,
				61BA0A7521F6C9EC005680E6 /* BinanceSigner.swift in Sources */,
				61A9B3652200D86D00E601B3 /* TendermintAddress.swift in Sources */,
				6198EA5921B1CC5C008CB60A /* TWFoundationData.m in Sources */,
				616E122C21A78094009798FC /* Hash.swift in Sources */,
				61CABABF21ED41FC0086D9A0 /* KeyDerivation.swift in Sources */,
				610AEF7621C8A95A008ABB74 /* BitcoinTransactionSigner.swift in Sources */,
				61722C22220E4DAB00D7BA9A /* CoinTypeConfiguration.swift in Sources */,
				6198EA6121B21702008CB60A /* TWFoundationString.m in Sources */,
				61CABAD821ED782E0086D9A0 /* HDVersion.swift in Sources */,
				61CABAB921ED37160086D9A0 /* AES.swift in Sources */,
				61735C90219E1658007BF637 /* UInt256.swift in Sources */,
				61977CCF21C9B9EF00C385D5 /* BitcoinAddress.swift in Sources */,
				61CABAD721ED782E0086D9A0 /* P2SHPrefix.swift in Sources */,
				61722C1F220E4DAB00D7BA9A /* Data+Hex.swift in Sources */,
				61722C24220E4DAB00D7BA9A /* EthereumChainID.swift in Sources */,
				61A8C5C52205013E004DA312 /* Dummy.cpp in Sources */,
				61722C21220E4DAB00D7BA9A /* Bitcoin.pb.swift in Sources */,
				61722C20220E4DAB00D7BA9A /* Common.pb.swift in Sources */,
				61735C88219DF64D007BF637 /* SecRandom.m in Sources */,
				61722C1D220E4DAB00D7BA9A /* ChainID.swift in Sources */,
				6198EA5321AF61F0008CB60A /* BitcoinScript.swift in Sources */,
				61AAD3A521DEF72500B69A34 /* Base58.swift in Sources */,
				6198EA6521B59575008CB60A /* String.swift in Sources */,
				6198EA8C21B811CD008CB60A /* Bech32Address.swift in Sources */,
				61722C23220E4DAB00D7BA9A /* ZcashTransactionSigner.swift in Sources */,
				61722C1C220E4DAB00D7BA9A /* Binance.pb.swift in Sources */,
				61722C1E220E4DAB00D7BA9A /* ZcashTAddress.swift in Sources */,
				61CABAD921ED782E0086D9A0 /* P2PKHPrefix.swift in Sources */,
				610AEF4921C04E24008ABB74 /* HDWallet.swift in Sources */,
				61735CD421A3BFB0007BF637 /* PublicKey.swift in Sources */,
				61735C84219DF044007BF637 /* PrivateKey.swift in Sources */,
			);
			runOnlyForDeploymentPostprocessing = 0;
		};
/* End PBXSourcesBuildPhase section */

/* Begin PBXTargetDependency section */
		61735C9C219E1A81007BF637 /* PBXTargetDependency */ = {
			isa = PBXTargetDependency;
			target = 61CDEB9A219B36C700CDFE83 /* TrustWalletCore */;
			targetProxy = 61735C9B219E1A81007BF637 /* PBXContainerItemProxy */;
		};
/* End PBXTargetDependency section */

/* Begin XCBuildConfiguration section */
		61735C9E219E1A81007BF637 /* Debug */ = {
			isa = XCBuildConfiguration;
			baseConfigurationReference = A0EF7E3AF04D56209F55EDF7 /* Pods-TrustWalletCore-TrustWalletCoreTests.debug.xcconfig */;
			buildSettings = {
				CLANG_ENABLE_MODULES = YES;
				CODE_SIGN_STYLE = Automatic;
				DEVELOPMENT_TEAM = 9873B38DWV;
				INFOPLIST_FILE = tests/Info.plist;
				LD_RUNPATH_SEARCH_PATHS = (
					"$(inherited)",
					"@executable_path/Frameworks",
					"@loader_path/Frameworks",
				);
				PRODUCT_BUNDLE_IDENTIFIER = com.trustwalletapp.TrustWalletCoreTests;
				PRODUCT_NAME = "$(TARGET_NAME)";
				SWIFT_ACTIVE_COMPILATION_CONDITIONS = DEBUG;
				SWIFT_OPTIMIZATION_LEVEL = "-Onone";
				SWIFT_VERSION = 4.2;
				TARGETED_DEVICE_FAMILY = "1,2";
			};
			name = Debug;
		};
		61735C9F219E1A81007BF637 /* Release */ = {
			isa = XCBuildConfiguration;
			baseConfigurationReference = 5407F36D3F0E141D422B55FB /* Pods-TrustWalletCore-TrustWalletCoreTests.release.xcconfig */;
			buildSettings = {
				CLANG_ENABLE_MODULES = YES;
				CODE_SIGN_STYLE = Automatic;
				DEVELOPMENT_TEAM = 9873B38DWV;
				INFOPLIST_FILE = tests/Info.plist;
				LD_RUNPATH_SEARCH_PATHS = (
					"$(inherited)",
					"@executable_path/Frameworks",
					"@loader_path/Frameworks",
				);
				PRODUCT_BUNDLE_IDENTIFIER = com.trustwalletapp.TrustWalletCoreTests;
				PRODUCT_NAME = "$(TARGET_NAME)";
				SWIFT_COMPILATION_MODE = wholemodule;
				SWIFT_OPTIMIZATION_LEVEL = "-O";
				SWIFT_VERSION = 4.2;
				TARGETED_DEVICE_FAMILY = "1,2";
			};
			name = Release;
		};
		61CDEBAD219B36C700CDFE83 /* Debug */ = {
			isa = XCBuildConfiguration;
			baseConfigurationReference = 61A9B30621FD300600E601B3 /* cpp.xcconfig */;
			buildSettings = {
				CLANG_ANALYZER_NONNULL = YES;
				CLANG_ANALYZER_NUMBER_OBJECT_CONVERSION = YES_AGGRESSIVE;
				CLANG_CXX_LANGUAGE_STANDARD = "gnu++17";
				CLANG_CXX_LIBRARY = "libc++";
				CLANG_ENABLE_MODULES = YES;
				CLANG_ENABLE_OBJC_ARC = YES;
				CLANG_ENABLE_OBJC_WEAK = YES;
				CLANG_WARN_BLOCK_CAPTURE_AUTORELEASING = YES;
				CLANG_WARN_BOOL_CONVERSION = YES;
				CLANG_WARN_COMMA = YES;
				CLANG_WARN_CONSTANT_CONVERSION = YES;
				CLANG_WARN_DEPRECATED_OBJC_IMPLEMENTATIONS = YES;
				CLANG_WARN_DIRECT_OBJC_ISA_USAGE = YES_ERROR;
				CLANG_WARN_DOCUMENTATION_COMMENTS = YES;
				CLANG_WARN_EMPTY_BODY = YES;
				CLANG_WARN_ENUM_CONVERSION = YES;
				CLANG_WARN_INFINITE_RECURSION = YES;
				CLANG_WARN_INT_CONVERSION = YES;
				CLANG_WARN_NON_LITERAL_NULL_CONVERSION = YES;
				CLANG_WARN_OBJC_IMPLICIT_RETAIN_SELF = YES;
				CLANG_WARN_OBJC_LITERAL_CONVERSION = YES;
				CLANG_WARN_OBJC_ROOT_CLASS = YES_ERROR;
				CLANG_WARN_RANGE_LOOP_ANALYSIS = YES;
				CLANG_WARN_STRICT_PROTOTYPES = YES;
				CLANG_WARN_SUSPICIOUS_MOVE = YES;
				CLANG_WARN_UNGUARDED_AVAILABILITY = YES_AGGRESSIVE;
				CLANG_WARN_UNREACHABLE_CODE = YES;
				CLANG_WARN__DUPLICATE_METHOD_MATCH = YES;
				CODE_SIGN_IDENTITY = "iPhone Developer";
				COPY_PHASE_STRIP = NO;
				CURRENT_PROJECT_VERSION = 1;
				DEBUG_INFORMATION_FORMAT = dwarf;
				ENABLE_STRICT_OBJC_MSGSEND = YES;
				ENABLE_TESTABILITY = YES;
				GCC_C_LANGUAGE_STANDARD = gnu11;
				GCC_DYNAMIC_NO_PIC = NO;
				GCC_NO_COMMON_BLOCKS = YES;
				GCC_OPTIMIZATION_LEVEL = 0;
				GCC_PREPROCESSOR_DEFINITIONS = (
					"DEBUG=1",
					"$(inherited)",
				);
				GCC_WARN_64_TO_32_BIT_CONVERSION = YES;
				GCC_WARN_ABOUT_RETURN_TYPE = YES_ERROR;
				GCC_WARN_UNDECLARED_SELECTOR = YES;
				GCC_WARN_UNINITIALIZED_AUTOS = YES_AGGRESSIVE;
				GCC_WARN_UNUSED_FUNCTION = YES;
				GCC_WARN_UNUSED_VARIABLE = YES;
				IPHONEOS_DEPLOYMENT_TARGET = 12.1;
				LIBRARY_SEARCH_PATHS = (
					"$(inherited)",
					"${SRCROOT}/../build/ios",
				);
				MTL_ENABLE_DEBUG_INFO = INCLUDE_SOURCE;
				MTL_FAST_MATH = YES;
				ONLY_ACTIVE_ARCH = YES;
				SDKROOT = iphoneos;
				SWIFT_VERSION = 4.2;
				SYSTEM_HEADER_SEARCH_PATHS = (
					"$(inherited)",
					"${SRCROOT}/../include",
					"${SRCROOT}/../trezor-crypto/include",
					"${SRCROOT}/../lib/protobuf/src",
					"${SRCROOT}/../lib/json/include",
				);
				VERSIONING_SYSTEM = "apple-generic";
				VERSION_INFO_PREFIX = "";
			};
			name = Debug;
		};
		61CDEBAE219B36C700CDFE83 /* Release */ = {
			isa = XCBuildConfiguration;
			baseConfigurationReference = 61A9B30621FD300600E601B3 /* cpp.xcconfig */;
			buildSettings = {
				CLANG_ANALYZER_NONNULL = YES;
				CLANG_ANALYZER_NUMBER_OBJECT_CONVERSION = YES_AGGRESSIVE;
				CLANG_CXX_LANGUAGE_STANDARD = "gnu++17";
				CLANG_CXX_LIBRARY = "libc++";
				CLANG_ENABLE_MODULES = YES;
				CLANG_ENABLE_OBJC_ARC = YES;
				CLANG_ENABLE_OBJC_WEAK = YES;
				CLANG_WARN_BLOCK_CAPTURE_AUTORELEASING = YES;
				CLANG_WARN_BOOL_CONVERSION = YES;
				CLANG_WARN_COMMA = YES;
				CLANG_WARN_CONSTANT_CONVERSION = YES;
				CLANG_WARN_DEPRECATED_OBJC_IMPLEMENTATIONS = YES;
				CLANG_WARN_DIRECT_OBJC_ISA_USAGE = YES_ERROR;
				CLANG_WARN_DOCUMENTATION_COMMENTS = YES;
				CLANG_WARN_EMPTY_BODY = YES;
				CLANG_WARN_ENUM_CONVERSION = YES;
				CLANG_WARN_INFINITE_RECURSION = YES;
				CLANG_WARN_INT_CONVERSION = YES;
				CLANG_WARN_NON_LITERAL_NULL_CONVERSION = YES;
				CLANG_WARN_OBJC_IMPLICIT_RETAIN_SELF = YES;
				CLANG_WARN_OBJC_LITERAL_CONVERSION = YES;
				CLANG_WARN_OBJC_ROOT_CLASS = YES_ERROR;
				CLANG_WARN_RANGE_LOOP_ANALYSIS = YES;
				CLANG_WARN_STRICT_PROTOTYPES = YES;
				CLANG_WARN_SUSPICIOUS_MOVE = YES;
				CLANG_WARN_UNGUARDED_AVAILABILITY = YES_AGGRESSIVE;
				CLANG_WARN_UNREACHABLE_CODE = YES;
				CLANG_WARN__DUPLICATE_METHOD_MATCH = YES;
				CODE_SIGN_IDENTITY = "iPhone Developer";
				COPY_PHASE_STRIP = NO;
				CURRENT_PROJECT_VERSION = 1;
				DEBUG_INFORMATION_FORMAT = "dwarf-with-dsym";
				ENABLE_NS_ASSERTIONS = NO;
				ENABLE_STRICT_OBJC_MSGSEND = YES;
				GCC_C_LANGUAGE_STANDARD = gnu11;
				GCC_NO_COMMON_BLOCKS = YES;
				GCC_WARN_64_TO_32_BIT_CONVERSION = YES;
				GCC_WARN_ABOUT_RETURN_TYPE = YES_ERROR;
				GCC_WARN_UNDECLARED_SELECTOR = YES;
				GCC_WARN_UNINITIALIZED_AUTOS = YES_AGGRESSIVE;
				GCC_WARN_UNUSED_FUNCTION = YES;
				GCC_WARN_UNUSED_VARIABLE = YES;
				IPHONEOS_DEPLOYMENT_TARGET = 12.1;
				LIBRARY_SEARCH_PATHS = (
					"$(inherited)",
					"${SRCROOT}/../build/ios",
				);
				MTL_ENABLE_DEBUG_INFO = NO;
				MTL_FAST_MATH = YES;
				SDKROOT = iphoneos;
				SWIFT_COMPILATION_MODE = wholemodule;
				SWIFT_VERSION = 4.2;
				SYSTEM_HEADER_SEARCH_PATHS = (
					"$(inherited)",
					"${SRCROOT}/../include",
					"${SRCROOT}/../trezor-crypto/include",
					"${SRCROOT}/../lib/protobuf/src",
					"${SRCROOT}/../lib/json/include",
				);
				VALIDATE_PRODUCT = YES;
				VERSIONING_SYSTEM = "apple-generic";
				VERSION_INFO_PREFIX = "";
			};
			name = Release;
		};
		61CDEBB0219B36C700CDFE83 /* Debug */ = {
			isa = XCBuildConfiguration;
			baseConfigurationReference = 7FA8B7BB1E3133C07DD22764 /* Pods-TrustWalletCore.debug.xcconfig */;
			buildSettings = {
				CLANG_ENABLE_MODULES = YES;
				CODE_SIGN_IDENTITY = "";
				CODE_SIGN_STYLE = Automatic;
				DEFINES_MODULE = YES;
				DEVELOPMENT_TEAM = 9873B38DWV;
				DYLIB_COMPATIBILITY_VERSION = 1;
				DYLIB_CURRENT_VERSION = 1;
				DYLIB_INSTALL_NAME_BASE = "@rpath";
				GCC_WARN_64_TO_32_BIT_CONVERSION = NO;
				GCC_WARN_UNUSED_FUNCTION = NO;
				INFOPLIST_FILE = Info.plist;
				INSTALL_PATH = "$(LOCAL_LIBRARY_DIR)/Frameworks";
				LD_RUNPATH_SEARCH_PATHS = (
					"$(inherited)",
					"@executable_path/Frameworks",
					"@loader_path/Frameworks",
				);
				PRODUCT_BUNDLE_IDENTIFIER = com.trustwalletapp.TrustWalletCore;
				PRODUCT_NAME = "$(TARGET_NAME:c99extidentifier)";
				SKIP_INSTALL = YES;
				SWIFT_OPTIMIZATION_LEVEL = "-Onone";
				TARGETED_DEVICE_FAMILY = "1,2";
			};
			name = Debug;
		};
		61CDEBB1219B36C700CDFE83 /* Release */ = {
			isa = XCBuildConfiguration;
			baseConfigurationReference = 667A8CF3B4C135CBB4CAC72E /* Pods-TrustWalletCore.release.xcconfig */;
			buildSettings = {
				CLANG_ENABLE_MODULES = YES;
				CODE_SIGN_IDENTITY = "";
				CODE_SIGN_STYLE = Automatic;
				DEFINES_MODULE = YES;
				DEVELOPMENT_TEAM = 9873B38DWV;
				DYLIB_COMPATIBILITY_VERSION = 1;
				DYLIB_CURRENT_VERSION = 1;
				DYLIB_INSTALL_NAME_BASE = "@rpath";
				GCC_WARN_64_TO_32_BIT_CONVERSION = NO;
				GCC_WARN_UNUSED_FUNCTION = NO;
				INFOPLIST_FILE = Info.plist;
				INSTALL_PATH = "$(LOCAL_LIBRARY_DIR)/Frameworks";
				LD_RUNPATH_SEARCH_PATHS = (
					"$(inherited)",
					"@executable_path/Frameworks",
					"@loader_path/Frameworks",
				);
				PRODUCT_BUNDLE_IDENTIFIER = com.trustwalletapp.TrustWalletCore;
				PRODUCT_NAME = "$(TARGET_NAME:c99extidentifier)";
				SKIP_INSTALL = YES;
				TARGETED_DEVICE_FAMILY = "1,2";
			};
			name = Release;
		};
/* End XCBuildConfiguration section */

/* Begin XCConfigurationList section */
		61735C9D219E1A81007BF637 /* Build configuration list for PBXNativeTarget "TrustWalletCoreTests" */ = {
			isa = XCConfigurationList;
			buildConfigurations = (
				61735C9E219E1A81007BF637 /* Debug */,
				61735C9F219E1A81007BF637 /* Release */,
			);
			defaultConfigurationIsVisible = 0;
			defaultConfigurationName = Release;
		};
		61CDEB95219B36C700CDFE83 /* Build configuration list for PBXProject "TrustWalletCore" */ = {
			isa = XCConfigurationList;
			buildConfigurations = (
				61CDEBAD219B36C700CDFE83 /* Debug */,
				61CDEBAE219B36C700CDFE83 /* Release */,
			);
			defaultConfigurationIsVisible = 0;
			defaultConfigurationName = Release;
		};
		61CDEBAF219B36C700CDFE83 /* Build configuration list for PBXNativeTarget "TrustWalletCore" */ = {
			isa = XCConfigurationList;
			buildConfigurations = (
				61CDEBB0219B36C700CDFE83 /* Debug */,
				61CDEBB1219B36C700CDFE83 /* Release */,
			);
			defaultConfigurationIsVisible = 0;
			defaultConfigurationName = Release;
		};
/* End XCConfigurationList section */
	};
	rootObject = 61CDEB92219B36C700CDFE83 /* Project object */;
}
